{
    "_meta": {
        "hash": {
            "sha256": "1680295f6a383ddcbfca62d5bfa766aad4f295469966f4ac2c3e603831678c50"
        },
        "pipfile-spec": 6,
        "requires": {
            "python_version": "3.7"
        },
        "sources": [
            {
                "name": "pypi",
                "url": "https://pypi.org/simple",
                "verify_ssl": true
            }
        ]
    },
    "default": {
        "sqlparse": {
            "hashes": [
                "sha256:ce028444cfab83be538752a2ffdb56bc417b7784ff35bb9a3062413717807dec",
                "sha256:d9cf190f51cbb26da0412247dfe4fb5f4098edb73db84e02f9fc21fdca31fed4"
            ],
            "index": "pypi",
            "version": "==0.2.4"
        }
    },
    "develop": {}
}
